Microsoft Visual Studio Solution File, Format Version 12.00
# Visual Studio Version 17
VisualStudioVersion = 17.5.2.0
MinimumVisualStudioVersion = 10.0.40219.1
Project("{FAE04EC0-301F-11D3-BF4B-00C04F79EFBC}") = "Jellyfin.Plugin.WatchSync", "Jellyfin.Plugin.WatchSync\Jellyfin.Plugin.WatchSync.csproj", "{62F602FB-2A4A-A0B8-A40C-BB7EB3F6AB87}"
EndProject
Global
	GlobalSection(SolutionConfigurationPlatforms) = preSolution
		Debug|Any CPU = Debug|Any CPU
		Release|Any CPU = Release|Any CPU
	EndGlobalSection
	GlobalSection(ProjectConfigurationPlatforms) = postSolution
		{62F602FB-2A4A-A0B8-A40C-BB7EB3F6AB87}.Debug|Any CPU.ActiveCfg = Debug|Any CPU
		{62F602FB-2A4A-A0B8-A40C-BB7EB3F6AB87}.Debug|Any CPU.Build.0 = Debug|Any CPU
		{62F602FB-2A4A-A0B8-A40C-BB7EB3F6AB87}.Release|Any CPU.ActiveCfg = Release|Any CPU
		{62F602FB-2A4A-A0B8-A40C-BB7EB3F6AB87}.Release|Any CPU.Build.0 = Release|Any CPU
	EndGlobalSection
	GlobalSection(SolutionProperties) = preSolution
		HideSolutionNode = FALSE
	EndGlobalSection
	GlobalSection(ExtensibilityGlobals) = postSolution
		SolutionGuid = {DEEE6AAF-35B7-4586-BFD1-D005D77286E7}
	EndGlobalSection
EndGlobal
